PODS:
  - FloatingPanel (1.4.0)
  - GoogleMaps (3.0.3):
    - GoogleMaps/Maps (= 3.0.3)
  - GoogleMaps/Base (3.0.3)
  - GoogleMaps/Maps (3.0.3):
    - GoogleMaps/Base

DEPENDENCIES:
  - FloatingPanel
  - GoogleMaps

SPEC REPOS:
  https://github.com/cocoapods/specs.git:
    - FloatingPanel
    - GoogleMaps

SPEC CHECKSUMS:
  FloatingPanel: 1449e7c4b9994e394f2de685b2ad6dd93da06333
  GoogleMaps: fd5c9fa58871781b9fb94d4936f19c69fe60ce32

PODFILE CHECKSUM: 9c3d8d9fee8cc4597b92afdb808482e23cefd8a9

COCOAPODS: 1.5.3
