// !$*UTF8*$!
{
	archiveVersion = 1;
	classes = {
	};
	objectVersion = 50;
	objects = {

/* Begin PBXBuildFile section */
		446EF0D7227F39A000B81696 /* GMSMapView+InitialMap.swift in Sources */ = {isa = PBXBuildFile; fileRef = 446EF0D6227F39A000B81696 /* GMSMapView+InitialMap.swift */; };
		446EF0D9227F3B8E00B81696 /* Event.swift in Sources */ = {isa = PBXBuildFile; fileRef = 446EF0D8227F3B8E00B81696 /* Event.swift */; };
		446EF0DB227F3C9700B81696 /* MockConstants.swift in Sources */ = {isa = PBXBuildFile; fileRef = 446EF0DA227F3C9700B81696 /* MockConstants.swift */; };
		446EF0DD227F3F3D00B81696 /* GMSMarker+InitWithEvent.swift in Sources */ = {isa = PBXBuildFile; fileRef = 446EF0DC227F3F3D00B81696 /* GMSMarker+InitWithEvent.swift */; };
		446EF0E1227F51ED00B81696 /* TestIconView.swift in Sources */ = {isa = PBXBuildFile; fileRef = 446EF0E0227F51ED00B81696 /* TestIconView.swift */; };
		B43080415E364E25E66247CC /* Pods_Celebration.framework in Frameworks */ = {isa = PBXBuildFile; fileRef = CCCB377AF44DA516C7333407 /* Pods_Celebration.framework */; };
		BBEF0A97227E2086006FBEA3 /* AppDelegate.swift in Sources */ = {isa = PBXBuildFile; fileRef = BBEF0A96227E2086006FBEA3 /* AppDelegate.swift */; };
		BBEF0A9E227E2087006FBEA3 /* Assets.xcassets in Resources */ = {isa = PBXBuildFile; fileRef = BBEF0A9D227E2087006FBEA3 /* Assets.xcassets */; };
		BBEF0AA1227E2087006FBEA3 /* LaunchScreen.storyboard in Resources */ = {isa = PBXBuildFile; fileRef = BBEF0A9F227E2087006FBEA3 /* LaunchScreen.storyboard */; };
		BBF20453227F25A5006CA419 /* EventsMapViewController.swift in Sources */ = {isa = PBXBuildFile; fileRef = BBF20452227F25A5006CA419 /* EventsMapViewController.swift */; };
		BBF20455227F268B006CA419 /* JourneyViewController.swift in Sources */ = {isa = PBXBuildFile; fileRef = BBF20454227F268B006CA419 /* JourneyViewController.swift */; };
		BBF20457227F26BB006CA419 /* SettingsViewController.swift in Sources */ = {isa = PBXBuildFile; fileRef = BBF20456227F26BB006CA419 /* SettingsViewController.swift */; };
		BBF20459227F275C006CA419 /* AppLaunchingFlow.swift in Sources */ = {isa = PBXBuildFile; fileRef = BBF20458227F275C006CA419 /* AppLaunchingFlow.swift */; };
/* End PBXBuildFile section */

/* Begin PBXFileReference section */
		446EF0D6227F39A000B81696 /* GMSMapView+InitialMap.swift */ = {isa = PBXFileReference; lastKnownFileType = sourcecode.swift; path = "GMSMapView+InitialMap.swift"; sourceTree = "<group>"; };
		446EF0D8227F3B8E00B81696 /* Event.swift */ = {isa = PBXFileReference; lastKnownFileType = sourcecode.swift; path = Event.swift; sourceTree = "<group>"; };
		446EF0DA227F3C9700B81696 /* MockConstants.swift */ = {isa = PBXFileReference; lastKnownFileType = sourcecode.swift; path = MockConstants.swift; sourceTree = "<group>"; };
		446EF0DC227F3F3D00B81696 /* GMSMarker+InitWithEvent.swift */ = {isa = PBXFileReference; lastKnownFileType = sourcecode.swift; path = "GMSMarker+InitWithEvent.swift"; sourceTree = "<group>"; };
		446EF0E0227F51ED00B81696 /* TestIconView.swift */ = {isa = PBXFileReference; lastKnownFileType = sourcecode.swift; path = TestIconView.swift; sourceTree = "<group>"; };
		7CDA1D69CB69ACA72D22F027 /* Pods-Celebration.debug.xcconfig */ = {isa = PBXFileReference; includeInIndex = 1; lastKnownFileType = text.xcconfig; name = "Pods-Celebration.debug.xcconfig"; path = "Pods/Target Support Files/Pods-Celebration/Pods-Celebration.debug.xcconfig"; sourceTree = "<group>"; };
		BBEF0A93227E2086006FBEA3 /* Celebration.app */ = {isa = PBXFileReference; explicitFileType = wrapper.application; includeInIndex = 0; path = Celebration.app; sourceTree = BUILT_PRODUCTS_DIR; };
		BBEF0A96227E2086006FBEA3 /* AppDelegate.swift */ = {isa = PBXFileReference; lastKnownFileType = sourcecode.swift; path = AppDelegate.swift; sourceTree = "<group>"; };
		BBEF0A9D227E2087006FBEA3 /* Assets.xcassets */ = {isa = PBXFileReference; lastKnownFileType = folder.assetcatalog; path = Assets.xcassets; sourceTree = "<group>"; };
		BBEF0AA0227E2087006FBEA3 /* Base */ = {isa = PBXFileReference; lastKnownFileType = file.storyboard; name = Base; path = Base.lproj/LaunchScreen.storyboard; sourceTree = "<group>"; };
		BBEF0AA2227E2087006FBEA3 /* Info.plist */ = {isa = PBXFileReference; lastKnownFileType = text.plist.xml; path = Info.plist; sourceTree = "<group>"; };
		BBF20452227F25A5006CA419 /* EventsMapViewController.swift */ = {isa = PBXFileReference; lastKnownFileType = sourcecode.swift; path = EventsMapViewController.swift; sourceTree = "<group>"; };
		BBF20454227F268B006CA419 /* JourneyViewController.swift */ = {isa = PBXFileReference; lastKnownFileType = sourcecode.swift; path = JourneyViewController.swift; sourceTree = "<group>"; };
		BBF20456227F26BB006CA419 /* SettingsViewController.swift */ = {isa = PBXFileReference; lastKnownFileType = sourcecode.swift; path = SettingsViewController.swift; sourceTree = "<group>"; };
		BBF20458227F275C006CA419 /* AppLaunchingFlow.swift */ = {isa = PBXFileReference; lastKnownFileType = sourcecode.swift; path = AppLaunchingFlow.swift; sourceTree = "<group>"; };
		CCCB377AF44DA516C7333407 /* Pods_Celebration.framework */ = {isa = PBXFileReference; explicitFileType = wrapper.framework; includeInIndex = 0; path = Pods_Celebration.framework; sourceTree = BUILT_PRODUCTS_DIR; };
		EA5C9F320FB282BD0F378486 /* Pods-Celebration.release.xcconfig */ = {isa = PBXFileReference; includeInIndex = 1; lastKnownFileType = text.xcconfig; name = "Pods-Celebration.release.xcconfig"; path = "Pods/Target Support Files/Pods-Celebration/Pods-Celebration.release.xcconfig"; sourceTree = "<group>"; };
/* End PBXFileReference section */

/* Begin PBXFrameworksBuildPhase section */
		BBEF0A90227E2086006FBEA3 /* Frameworks */ = {
			isa = PBXFrameworksBuildPhase;
			buildActionMask = 2147483647;
			files = (
				B43080415E364E25E66247CC /* Pods_Celebration.framework in Frameworks */,
			);
			runOnlyForDeploymentPostprocessing = 0;
		};
/* End PBXFrameworksBuildPhase section */

/* Begin PBXGroup section */
		446EF0D2227F33D200B81696 /* Common */ = {
			isa = PBXGroup;
			children = (
				446EF0D5227F397E00B81696 /* Extensions */,
				446EF0DA227F3C9700B81696 /* MockConstants.swift */,
				446EF0D8227F3B8E00B81696 /* Event.swift */,
				446EF0E0227F51ED00B81696 /* TestIconView.swift */,
			);
			path = Common;
			sourceTree = "<group>";
		};
		446EF0D5227F397E00B81696 /* Extensions */ = {
			isa = PBXGroup;
			children = (
				446EF0D6227F39A000B81696 /* GMSMapView+InitialMap.swift */,
				446EF0DC227F3F3D00B81696 /* GMSMarker+InitWithEvent.swift */,
			);
			path = Extensions;
			sourceTree = "<group>";
		};
		46B72AD7594E971DE3F82FC1 /* Frameworks */ = {
			isa = PBXGroup;
			children = (
				CCCB377AF44DA516C7333407 /* Pods_Celebration.framework */,
			);
			name = Frameworks;
			sourceTree = "<group>";
		};
		BBEF0A8A227E2086006FBEA3 = {
			isa = PBXGroup;
			children = (
				BBEF0A95227E2086006FBEA3 /* Celebration */,
				BBEF0A94227E2086006FBEA3 /* Products */,
				D191EE28CF0F113D5F13440B /* Pods */,
				46B72AD7594E971DE3F82FC1 /* Frameworks */,
			);
			sourceTree = "<group>";
		};
		BBEF0A94227E2086006FBEA3 /* Products */ = {
			isa = PBXGroup;
			children = (
				BBEF0A93227E2086006FBEA3 /* Celebration.app */,
			);
			name = Products;
			sourceTree = "<group>";
		};
		BBEF0A95227E2086006FBEA3 /* Celebration */ = {
			isa = PBXGroup;
			children = (
				446EF0D2227F33D200B81696 /* Common */,
				BBF2044E227F2541006CA419 /* Modules */,
				BBF2044D227F24A7006CA419 /* Resources */,
				BBF2044C227F249C006CA419 /* AppDelegate */,
			);
			path = Celebration;
			sourceTree = "<group>";
		};
		BBF2044C227F249C006CA419 /* AppDelegate */ = {
			isa = PBXGroup;
			children = (
				BBEF0A96227E2086006FBEA3 /* AppDelegate.swift */,
				BBF20458227F275C006CA419 /* AppLaunchingFlow.swift */,
			);
			path = AppDelegate;
			sourceTree = "<group>";
		};
		BBF2044D227F24A7006CA419 /* Resources */ = {
			isa = PBXGroup;
			children = (
				BBEF0AA2227E2087006FBEA3 /* Info.plist */,
				BBEF0A9F227E2087006FBEA3 /* LaunchScreen.storyboard */,
				BBEF0A9D227E2087006FBEA3 /* Assets.xcassets */,
			);
			path = Resources;
			sourceTree = "<group>";
		};
		BBF2044E227F2541006CA419 /* Modules */ = {
			isa = PBXGroup;
			children = (
				BBF20451227F2580006CA419 /* Settings */,
				BBF20450227F2574006CA419 /* Journey */,
				BBF2044F227F254C006CA419 /* EventsMap */,
			);
			path = Modules;
			sourceTree = "<group>";
		};
		BBF2044F227F254C006CA419 /* EventsMap */ = {
			isa = PBXGroup;
			children = (
				BBF20452227F25A5006CA419 /* EventsMapViewController.swift */,
			);
			path = EventsMap;
			sourceTree = "<group>";
		};
		BBF20450227F2574006CA419 /* Journey */ = {
			isa = PBXGroup;
			children = (
				BBF20454227F268B006CA419 /* JourneyViewController.swift */,
			);
			path = Journey;
			sourceTree = "<group>";
		};
		BBF20451227F2580006CA419 /* Settings */ = {
			isa = PBXGroup;
			children = (
				BBF20456227F26BB006CA419 /* SettingsViewController.swift */,
			);
			path = Settings;
			sourceTree = "<group>";
		};
		D191EE28CF0F113D5F13440B /* Pods */ = {
			isa = PBXGroup;
			children = (
				7CDA1D69CB69ACA72D22F027 /* Pods-Celebration.debug.xcconfig */,
				EA5C9F320FB282BD0F378486 /* Pods-Celebration.release.xcconfig */,
			);
			name = Pods;
			sourceTree = "<group>";
		};
/* End PBXGroup section */

/* Begin PBXNativeTarget section */
		BBEF0A92227E2086006FBEA3 /* Celebration */ = {
			isa = PBXNativeTarget;
			buildConfigurationList = BBEF0AA5227E2087006FBEA3 /* Build configuration list for PBXNativeTarget "Celebration" */;
			buildPhases = (
				6C15A32088869EF33336F263 /* [CP] Check Pods Manifest.lock */,
				BBEF0A8F227E2086006FBEA3 /* Sources */,
				BBEF0A90227E2086006FBEA3 /* Frameworks */,
				BBEF0A91227E2086006FBEA3 /* Resources */,
				57BDE6CC5FA766FAFFDAA2DB /* [CP] Embed Pods Frameworks */,
				C1860D64AD6842231D3CAA89 /* [CP] Copy Pods Resources */,
			);
			buildRules = (
			);
			dependencies = (
			);
			name = Celebration;
			productName = Celebration;
			productReference = BBEF0A93227E2086006FBEA3 /* Celebration.app */;
			productType = "com.apple.product-type.application";
		};
/* End PBXNativeTarget section */

/* Begin PBXProject section */
		BBEF0A8B227E2086006FBEA3 /* Project object */ = {
			isa = PBXProject;
			attributes = {
				LastSwiftUpdateCheck = 1010;
				LastUpgradeCheck = 1010;
				ORGANIZATIONNAME = "Gregory Oberemkov";
				TargetAttributes = {
					BBEF0A92227E2086006FBEA3 = {
						CreatedOnToolsVersion = 10.1;
					};
				};
			};
			buildConfigurationList = BBEF0A8E227E2086006FBEA3 /* Build configuration list for PBXProject "Celebration" */;
			compatibilityVersion = "Xcode 9.3";
			developmentRegion = en;
			hasScannedForEncodings = 0;
			knownRegions = (
				en,
				Base,
			);
			mainGroup = BBEF0A8A227E2086006FBEA3;
			productRefGroup = BBEF0A94227E2086006FBEA3 /* Products */;
			projectDirPath = "";
			projectRoot = "";
			targets = (
				BBEF0A92227E2086006FBEA3 /* Celebration */,
			);
		};
/* End PBXProject section */

/* Begin PBXResourcesBuildPhase section */
		BBEF0A91227E2086006FBEA3 /* Resources */ = {
			isa = PBXResourcesBuildPhase;
			buildActionMask = 2147483647;
			files = (
				BBEF0AA1227E2087006FBEA3 /* LaunchScreen.storyboard in Resources */,
				BBEF0A9E227E2087006FBEA3 /* Assets.xcassets in Resources */,
			);
			runOnlyForDeploymentPostprocessing = 0;
		};
/* End PBXResourcesBuildPhase section */

/* Begin PBXShellScriptBuildPhase section */
		57BDE6CC5FA766FAFFDAA2DB /* [CP] Embed Pods Frameworks */ = {
			isa = PBXShellScriptBuildPhase;
			buildActionMask = 2147483647;
			files = (
			);
			inputFileListPaths = (
			);
			inputPaths = (
				"${SRCROOT}/Pods/Target Support Files/Pods-Celebration/Pods-Celebration-frameworks.sh",
				"${BUILT_PRODUCTS_DIR}/FloatingPanel/FloatingPanel.framework",
			);
			name = "[CP] Embed Pods Frameworks";
			outputFileListPaths = (
			);
			outputPaths = (
				"${TARGET_BUILD_DIR}/${FRAMEWORKS_FOLDER_PATH}/FloatingPanel.framework",
			);
			runOnlyForDeploymentPostprocessing = 0;
			shellPath = /bin/sh;
			shellScript = "\"${SRCROOT}/Pods/Target Support Files/Pods-Celebration/Pods-Celebration-frameworks.sh\"\n";
			showEnvVarsInLog = 0;
		};
		6C15A32088869EF33336F263 /* [CP] Check Pods Manifest.lock */ = {
			isa = PBXShellScriptBuildPhase;
			buildActionMask = 2147483647;
			files = (
			);
			inputFileListPaths = (
			);
			inputPaths = (
				"${PODS_PODFILE_DIR_PATH}/Podfile.lock",
				"${PODS_ROOT}/Manifest.lock",
			);
			name = "[CP] Check Pods Manifest.lock";
			outputFileListPaths = (
			);
			outputPaths = (
				"$(DERIVED_FILE_DIR)/Pods-Celebration-checkManifestLockResult.txt",
			);
			runOnlyForDeploymentPostprocessing = 0;
			shellPath = /bin/sh;
			shellScript = "diff \"${PODS_PODFILE_DIR_PATH}/Podfile.lock\" \"${PODS_ROOT}/Manifest.lock\" > /dev/null\nif [ $? != 0 ] ; then\n    # print error to STDERR\n    echo \"error: The sandbox is not in sync with the Podfile.lock. Run 'pod install' or update your CocoaPods installation.\" >&2\n    exit 1\nfi\n# This output is used by Xcode 'outputs' to avoid re-running this script phase.\necho \"SUCCESS\" > \"${SCRIPT_OUTPUT_FILE_0}\"\n";
			showEnvVarsInLog = 0;
		};
		C1860D64AD6842231D3CAA89 /* [CP] Copy Pods Resources */ = {
			isa = PBXShellScriptBuildPhase;
			buildActionMask = 2147483647;
			files = (
			);
			inputFileListPaths = (
			);
			inputPaths = (
				"${SRCROOT}/Pods/Target Support Files/Pods-Celebration/Pods-Celebration-resources.sh",
				"${PODS_ROOT}/GoogleMaps/Maps/Frameworks/GoogleMaps.framework/Resources/GoogleMaps.bundle",
			);
			name = "[CP] Copy Pods Resources";
			outputFileListPaths = (
			);
			outputPaths = (
				"${TARGET_BUILD_DIR}/${UNLOCALIZED_RESOURCES_FOLDER_PATH}/GoogleMaps.bundle",
			);
			runOnlyForDeploymentPostprocessing = 0;
			shellPath = /bin/sh;
			shellScript = "\"${SRCROOT}/Pods/Target Support Files/Pods-Celebration/Pods-Celebration-resources.sh\"\n";
			showEnvVarsInLog = 0;
		};
/* End PBXShellScriptBuildPhase section */

/* Begin PBXSourcesBuildPhase section */
		BBEF0A8F227E2086006FBEA3 /* Sources */ = {
			isa = PBXSourcesBuildPhase;
			buildActionMask = 2147483647;
			files = (
				BBF20453227F25A5006CA419 /* EventsMapViewController.swift in Sources */,
				BBEF0A97227E2086006FBEA3 /* AppDelegate.swift in Sources */,
				BBF20455227F268B006CA419 /* JourneyViewController.swift in Sources */,
				446EF0DD227F3F3D00B81696 /* GMSMarker+InitWithEvent.swift in Sources */,
				BBF20457227F26BB006CA419 /* SettingsViewController.swift in Sources */,
				446EF0E1227F51ED00B81696 /* TestIconView.swift in Sources */,
				446EF0D9227F3B8E00B81696 /* Event.swift in Sources */,
				446EF0DB227F3C9700B81696 /* MockConstants.swift in Sources */,
				BBF20459227F275C006CA419 /* AppLaunchingFlow.swift in Sources */,
				446EF0D7227F39A000B81696 /* GMSMapView+InitialMap.swift in Sources */,
			);
			runOnlyForDeploymentPostprocessing = 0;
		};
/* End PBXSourcesBuildPhase section */

/* Begin PBXVariantGroup section */
		BBEF0A9F227E2087006FBEA3 /* LaunchScreen.storyboard */ = {
			isa = PBXVariantGroup;
			children = (
				BBEF0AA0227E2087006FBEA3 /* Base */,
			);
			name = LaunchScreen.storyboard;
			sourceTree = "<group>";
		};
/* End PBXVariantGroup section */

/* Begin XCBuildConfiguration section */
		BBEF0AA3227E2087006FBEA3 /* Debug */ = {
			isa = XCBuildConfiguration;
			buildSettings = {
				ALWAYS_SEARCH_USER_PATHS = NO;
				CLANG_ANALYZER_NONNULL = YES;
				CLANG_ANALYZER_NUMBER_OBJECT_CONVERSION = YES_AGGRESSIVE;
				CLANG_CXX_LANGUAGE_STANDARD = "gnu++14";
				CLANG_CXX_LIBRARY = "libc++";
				CLANG_ENABLE_MODULES = YES;
				CLANG_ENABLE_OBJC_ARC = YES;
				CLANG_ENABLE_OBJC_WEAK = YES;
				CLANG_WARN_BLOCK_CAPTURE_AUTORELEASING = YES;
				CLANG_WARN_BOOL_CONVERSION = YES;
				CLANG_WARN_COMMA = YES;
				CLANG_WARN_CONSTANT_CONVERSION = YES;
				CLANG_WARN_DEPRECATED_OBJC_IMPLEMENTATIONS = YES;
				CLANG_WARN_DIRECT_OBJC_ISA_USAGE = YES_ERROR;
				CLANG_WARN_DOCUMENTATION_COMMENTS = YES;
				CLANG_WARN_EMPTY_BODY = YES;
				CLANG_WARN_ENUM_CONVERSION = YES;
				CLANG_WARN_INFINITE_RECURSION = YES;
				CLANG_WARN_INT_CONVERSION = YES;
				CLANG_WARN_NON_LITERAL_NULL_CONVERSION = YES;
				CLANG_WARN_OBJC_IMPLICIT_RETAIN_SELF = YES;
				CLANG_WARN_OBJC_LITERAL_CONVERSION = YES;
				CLANG_WARN_OBJC_ROOT_CLASS = YES_ERROR;
				CLANG_WARN_RANGE_LOOP_ANALYSIS = YES;
				CLANG_WARN_STRICT_PROTOTYPES = YES;
				CLANG_WARN_SUSPICIOUS_MOVE = YES;
				CLANG_WARN_UNGUARDED_AVAILABILITY = YES_AGGRESSIVE;
				CLANG_WARN_UNREACHABLE_CODE = YES;
				CLANG_WARN__DUPLICATE_METHOD_MATCH = YES;
				CODE_SIGN_IDENTITY = "iPhone Developer";
				COPY_PHASE_STRIP = NO;
				DEBUG_INFORMATION_FORMAT = dwarf;
				ENABLE_STRICT_OBJC_MSGSEND = YES;
				ENABLE_TESTABILITY = YES;
				GCC_C_LANGUAGE_STANDARD = gnu11;
				GCC_DYNAMIC_NO_PIC = NO;
				GCC_NO_COMMON_BLOCKS = YES;
				GCC_OPTIMIZATION_LEVEL = 0;
				GCC_PREPROCESSOR_DEFINITIONS = (
					"DEBUG=1",
					"$(inherited)",
				);
				GCC_WARN_64_TO_32_BIT_CONVERSION = YES;
				GCC_WARN_ABOUT_RETURN_TYPE = YES_ERROR;
				GCC_WARN_UNDECLARED_SELECTOR = YES;
				GCC_WARN_UNINITIALIZED_AUTOS = YES_AGGRESSIVE;
				GCC_WARN_UNUSED_FUNCTION = YES;
				GCC_WARN_UNUSED_VARIABLE = YES;
				IPHONEOS_DEPLOYMENT_TARGET = 12.1;
				MTL_ENABLE_DEBUG_INFO = INCLUDE_SOURCE;
				MTL_FAST_MATH = YES;
				ONLY_ACTIVE_ARCH = YES;
				SDKROOT = iphoneos;
				SWIFT_ACTIVE_COMPILATION_CONDITIONS = DEBUG;
				SWIFT_OPTIMIZATION_LEVEL = "-Onone";
			};
			name = Debug;
		};
		BBEF0AA4227E2087006FBEA3 /* Release */ = {
			isa = XCBuildConfiguration;
			buildSettings = {
				ALWAYS_SEARCH_USER_PATHS = NO;
				CLANG_ANALYZER_NONNULL = YES;
				CLANG_ANALYZER_NUMBER_OBJECT_CONVERSION = YES_AGGRESSIVE;
				CLANG_CXX_LANGUAGE_STANDARD = "gnu++14";
				CLANG_CXX_LIBRARY = "libc++";
				CLANG_ENABLE_MODULES = YES;
				CLANG_ENABLE_OBJC_ARC = YES;
				CLANG_ENABLE_OBJC_WEAK = YES;
				CLANG_WARN_BLOCK_CAPTURE_AUTORELEASING = YES;
				CLANG_WARN_BOOL_CONVERSION = YES;
				CLANG_WARN_COMMA = YES;
				CLANG_WARN_CONSTANT_CONVERSION = YES;
				CLANG_WARN_DEPRECATED_OBJC_IMPLEMENTATIONS = YES;
				CLANG_WARN_DIRECT_OBJC_ISA_USAGE = YES_ERROR;
				CLANG_WARN_DOCUMENTATION_COMMENTS = YES;
				CLANG_WARN_EMPTY_BODY = YES;
				CLANG_WARN_ENUM_CONVERSION = YES;
				CLANG_WARN_INFINITE_RECURSION = YES;
				CLANG_WARN_INT_CONVERSION = YES;
				CLANG_WARN_NON_LITERAL_NULL_CONVERSION = YES;
				CLANG_WARN_OBJC_IMPLICIT_RETAIN_SELF = YES;
				CLANG_WARN_OBJC_LITERAL_CONVERSION = YES;
				CLANG_WARN_OBJC_ROOT_CLASS = YES_ERROR;
				CLANG_WARN_RANGE_LOOP_ANALYSIS = YES;
				CLANG_WARN_STRICT_PROTOTYPES = YES;
				CLANG_WARN_SUSPICIOUS_MOVE = YES;
				CLANG_WARN_UNGUARDED_AVAILABILITY = YES_AGGRESSIVE;
				CLANG_WARN_UNREACHABLE_CODE = YES;
				CLANG_WARN__DUPLICATE_METHOD_MATCH = YES;
				CODE_SIGN_IDENTITY = "iPhone Developer";
				COPY_PHASE_STRIP = NO;
				DEBUG_INFORMATION_FORMAT = "dwarf-with-dsym";
				ENABLE_NS_ASSERTIONS = NO;
				ENABLE_STRICT_OBJC_MSGSEND = YES;
				GCC_C_LANGUAGE_STANDARD = gnu11;
				GCC_NO_COMMON_BLOCKS = YES;
				GCC_WARN_64_TO_32_BIT_CONVERSION = YES;
				GCC_WARN_ABOUT_RETURN_TYPE = YES_ERROR;
				GCC_WARN_UNDECLARED_SELECTOR = YES;
				GCC_WARN_UNINITIALIZED_AUTOS = YES_AGGRESSIVE;
				GCC_WARN_UNUSED_FUNCTION = YES;
				GCC_WARN_UNUSED_VARIABLE = YES;
				IPHONEOS_DEPLOYMENT_TARGET = 12.1;
				MTL_ENABLE_DEBUG_INFO = NO;
				MTL_FAST_MATH = YES;
				SDKROOT = iphoneos;
				SWIFT_COMPILATION_MODE = wholemodule;
				SWIFT_OPTIMIZATION_LEVEL = "-O";
				VALIDATE_PRODUCT = YES;
			};
			name = Release;
		};
		BBEF0AA6227E2087006FBEA3 /* Debug */ = {
			isa = XCBuildConfiguration;
			baseConfigurationReference = 7CDA1D69CB69ACA72D22F027 /* Pods-Celebration.debug.xcconfig */;
			buildSettings = {
				ASSETCATALOG_COMPILER_APPICON_NAME = AppIcon;
				CODE_SIGN_STYLE = Automatic;
				DEVELOPMENT_TEAM = "";
				INFOPLIST_FILE = Celebration/Resources/Info.plist;
				IPHONEOS_DEPLOYMENT_TARGET = 12.0;
				LD_RUNPATH_SEARCH_PATHS = (
					"$(inherited)",
					"@executable_path/Frameworks",
				);
				PRODUCT_BUNDLE_IDENTIFIER = G.F.Oberemkov.Celebration;
				PRODUCT_NAME = "$(TARGET_NAME)";
				SWIFT_VERSION = 4.2;
				TARGETED_DEVICE_FAMILY = "1,2";
			};
			name = Debug;
		};
		BBEF0AA7227E2087006FBEA3 /* Release */ = {
			isa = XCBuildConfiguration;
			baseConfigurationReference = EA5C9F320FB282BD0F378486 /* Pods-Celebration.release.xcconfig */;
			buildSettings = {
				ASSETCATALOG_COMPILER_APPICON_NAME = AppIcon;
				CODE_SIGN_STYLE = Automatic;
				DEVELOPMENT_TEAM = "";
				INFOPLIST_FILE = Celebration/Resources/Info.plist;
				IPHONEOS_DEPLOYMENT_TARGET = 12.0;
				LD_RUNPATH_SEARCH_PATHS = (
					"$(inherited)",
					"@executable_path/Frameworks",
				);
				PRODUCT_BUNDLE_IDENTIFIER = G.F.Oberemkov.Celebration;
				PRODUCT_NAME = "$(TARGET_NAME)";
				SWIFT_VERSION = 4.2;
				TARGETED_DEVICE_FAMILY = "1,2";
			};
			name = Release;
		};
/* End XCBuildConfiguration section */

/* Begin XCConfigurationList section */
		BBEF0A8E227E2086006FBEA3 /* Build configuration list for PBXProject "Celebration" */ = {
			isa = XCConfigurationList;
			buildConfigurations = (
				BBEF0AA3227E2087006FBEA3 /* Debug */,
				BBEF0AA4227E2087006FBEA3 /* Release */,
			);
			defaultConfigurationIsVisible = 0;
			defaultConfigurationName = Release;
		};
		BBEF0AA5227E2087006FBEA3 /* Build configuration list for PBXNativeTarget "Celebration" */ = {
			isa = XCConfigurationList;
			buildConfigurations = (
				BBEF0AA6227E2087006FBEA3 /* Debug */,
				BBEF0AA7227E2087006FBEA3 /* Release */,
			);
			defaultConfigurationIsVisible = 0;
			defaultConfigurationName = Release;
		};
/* End XCConfigurationList section */
	};
	rootObject = BBEF0A8B227E2086006FBEA3 /* Project object */;
}
